
Microsoft Visual Studio Solution File, Format Version 12.00
# Visual Studio Version 17
VisualStudioVersion = 17.7.34031.279
MinimumVisualStudioVersion = 10.0.40219.1
Project("{9A19103F-16F7-4668-BE54-9A1E7A4F7556}") = "InterfazHamburgueseria", "InterfazHamburgueseria\InterfazHamburgueseria.csproj", "{C81B6FDE-C9BB-4C8F-A7B8-D9DDD3B0A89D}"
EndProject
Project("{FAE04EC0-301F-11D3-BF4B-00C04F79EFBC}") = "MyBurguerLib", "MyBurguerLib\MyBurguerLib.csproj", "{966FC5A2-A960-452E-AF69-E2C081FD36F5}"
EndProject
Global
	GlobalSection(SolutionConfigurationPlatforms) = preSolution
		Debug|Any CPU = Debug|Any CPU
		Release|Any CPU = Release|Any CPU
	EndGlobalSection
	GlobalSection(ProjectConfigurationPlatforms) = postSolution
		{C81B6FDE-C9BB-4C8F-A7B8-D9DDD3B0A89D}.Debug|Any CPU.ActiveCfg = Debug|Any CPU
		{C81B6FDE-C9BB-4C8F-A7B8-D9DDD3B0A89D}.Debug|Any CPU.Build.0 = Debug|Any CPU
		{C81B6FDE-C9BB-4C8F-A7B8-D9DDD3B0A89D}.Release|Any CPU.ActiveCfg = Release|Any CPU
		{C81B6FDE-C9BB-4C8F-A7B8-D9DDD3B0A89D}.Release|Any CPU.Build.0 = Release|Any CPU
		{966FC5A2-A960-452E-AF69-E2C081FD36F5}.Debug|Any CPU.ActiveCfg = Debug|Any CPU
		{966FC5A2-A960-452E-AF69-E2C081FD36F5}.Debug|Any CPU.Build.0 = Debug|Any CPU
		{966FC5A2-A960-452E-AF69-E2C081FD36F5}.Release|Any CPU.ActiveCfg = Release|Any CPU
		{966FC5A2-A960-452E-AF69-E2C081FD36F5}.Release|Any CPU.Build.0 = Release|Any CPU
	EndGlobalSection
	GlobalSection(SolutionProperties) = preSolution
		HideSolutionNode = FALSE
	EndGlobalSection
	GlobalSection(ExtensibilityGlobals) = postSolution
		SolutionGuid = {EA144AAC-1E3A-48CB-A4AD-451EC5148D28}
	EndGlobalSection
EndGlobal
