
Microsoft Visual Studio Solution File, Format Version 12.00
# Visual Studio Version 17
VisualStudioVersion = 17.7.34202.233
MinimumVisualStudioVersion = 10.0.40219.1
Project("{FAE04EC0-301F-11D3-BF4B-00C04F79EFBC}") = "HamburgueseriaQueHamburguesea", "HamburgueseriaQueHamburguesea\HamburgueseriaQueHamburguesea.csproj", "{D244B3EA-3A46-4E00-A7C7-B003BA28F604}"
EndProject
Global
	GlobalSection(SolutionConfigurationPlatforms) = preSolution
		Debug|Any CPU = Debug|Any CPU
		Release|Any CPU = Release|Any CPU
	EndGlobalSection
	GlobalSection(ProjectConfigurationPlatforms) = postSolution
		{D244B3EA-3A46-4E00-A7C7-B003BA28F604}.Debug|Any CPU.ActiveCfg = Debug|Any CPU
		{D244B3EA-3A46-4E00-A7C7-B003BA28F604}.Debug|Any CPU.Build.0 = Debug|Any CPU
		{D244B3EA-3A46-4E00-A7C7-B003BA28F604}.Release|Any CPU.ActiveCfg = Release|Any CPU
		{D244B3EA-3A46-4E00-A7C7-B003BA28F604}.Release|Any CPU.Build.0 = Release|Any CPU
	EndGlobalSection
	GlobalSection(SolutionProperties) = preSolution
		HideSolutionNode = FALSE
	EndGlobalSection
	GlobalSection(ExtensibilityGlobals) = postSolution
		SolutionGuid = {387EC554-3D23-4B8C-B81E-8A169E78B4EE}
	EndGlobalSection
EndGlobal
