
Microsoft Visual Studio Solution File, Format Version 12.00
# Visual Studio Version 17
VisualStudioVersion = 17.7.34031.279
MinimumVisualStudioVersion = 10.0.40219.1
Project("{FAE04EC0-301F-11D3-BF4B-00C04F79EFBC}") = "WinFormsApp1", "WinFormsApp1\WinFormsApp1.csproj", "{8EB5D3E3-BC29-40E4-B8A9-F4D4B0A41579}"
EndProject
Global
	GlobalSection(SolutionConfigurationPlatforms) = preSolution
		Debug|Any CPU = Debug|Any CPU
		Release|Any CPU = Release|Any CPU
	EndGlobalSection
	GlobalSection(ProjectConfigurationPlatforms) = postSolution
		{8EB5D3E3-BC29-40E4-B8A9-F4D4B0A41579}.Debug|Any CPU.ActiveCfg = Debug|Any CPU
		{8EB5D3E3-BC29-40E4-B8A9-F4D4B0A41579}.Debug|Any CPU.Build.0 = Debug|Any CPU
		{8EB5D3E3-BC29-40E4-B8A9-F4D4B0A41579}.Release|Any CPU.ActiveCfg = Release|Any CPU
		{8EB5D3E3-BC29-40E4-B8A9-F4D4B0A41579}.Release|Any CPU.Build.0 = Release|Any CPU
	EndGlobalSection
	GlobalSection(SolutionProperties) = preSolution
		HideSolutionNode = FALSE
	EndGlobalSection
	GlobalSection(ExtensibilityGlobals) = postSolution
		SolutionGuid = {772DE1B6-B052-4621-914E-6C6DE7DB921A}
	EndGlobalSection
EndGlobal
