
Microsoft Visual Studio Solution File, Format Version 12.00
# Visual Studio Version 17
VisualStudioVersion = 17.7.34031.279
MinimumVisualStudioVersion = 10.0.40219.1
Project("{FAE04EC0-301F-11D3-BF4B-00C04F79EFBC}") = "WpfApp1", "WpfApp1\WpfApp1.csproj", "{067AC6E4-4FBB-4562-B1C2-56F10248D10A}"
EndProject
Global
	GlobalSection(SolutionConfigurationPlatforms) = preSolution
		Debug|Any CPU = Debug|Any CPU
		Release|Any CPU = Release|Any CPU
	EndGlobalSection
	GlobalSection(ProjectConfigurationPlatforms) = postSolution
		{067AC6E4-4FBB-4562-B1C2-56F10248D10A}.Debug|Any CPU.ActiveCfg = Debug|Any CPU
		{067AC6E4-4FBB-4562-B1C2-56F10248D10A}.Debug|Any CPU.Build.0 = Debug|Any CPU
		{067AC6E4-4FBB-4562-B1C2-56F10248D10A}.Release|Any CPU.ActiveCfg = Release|Any CPU
		{067AC6E4-4FBB-4562-B1C2-56F10248D10A}.Release|Any CPU.Build.0 = Release|Any CPU
	EndGlobalSection
	GlobalSection(SolutionProperties) = preSolution
		HideSolutionNode = FALSE
	EndGlobalSection
	GlobalSection(ExtensibilityGlobals) = postSolution
		SolutionGuid = {1C062C33-6038-4197-8173-F897BEB63AD1}
	EndGlobalSection
EndGlobal
